
Microsoft Visual Studio Solution File, Format Version 12.00
# Visual Studio Version 17
VisualStudioVersion = 17.8.34408.163
MinimumVisualStudioVersion = 10.0.40219.1
Project("{9A19103F-16F7-4668-BE54-9A1E7A4F7556}") = "BlazorFotoWASMDotnet7.Server", "Server\BlazorFotoWASMDotnet7.Server.csproj", "{F3B32B13-C2AE-4DBC-943D-BFCB6D0F071A}"
EndProject
Project("{9A19103F-16F7-4668-BE54-9A1E7A4F7556}") = "BlazorFotoWASMDotnet7.Client", "Client\BlazorFotoWASMDotnet7.Client.csproj", "{47D35B33-D6F1-45C9-840F-E107A579F375}"
EndProject
Project("{9A19103F-16F7-4668-BE54-9A1E7A4F7556}") = "BlazorFotoWASMDotnet7.Shared", "Shared\BlazorFotoWASMDotnet7.Shared.csproj", "{4CD3D0AA-0B1E-4FCC-9190-9B59DCA82735}"
EndProject
Global
	GlobalSection(SolutionConfigurationPlatforms) = preSolution
		Debug|Any CPU = Debug|Any CPU
		Release|Any CPU = Release|Any CPU
	EndGlobalSection
	GlobalSection(ProjectConfigurationPlatforms) = postSolution
		{F3B32B13-C2AE-4DBC-943D-BFCB6D0F071A}.Debug|Any CPU.ActiveCfg = Debug|Any CPU
		{F3B32B13-C2AE-4DBC-943D-BFCB6D0F071A}.Debug|Any CPU.Build.0 = Debug|Any CPU
		{F3B32B13-C2AE-4DBC-943D-BFCB6D0F071A}.Release|Any CPU.ActiveCfg = Release|Any CPU
		{F3B32B13-C2AE-4DBC-943D-BFCB6D0F071A}.Release|Any CPU.Build.0 = Release|Any CPU
		{47D35B33-D6F1-45C9-840F-E107A579F375}.Debug|Any CPU.ActiveCfg = Debug|Any CPU
		{47D35B33-D6F1-45C9-840F-E107A579F375}.Debug|Any CPU.Build.0 = Debug|Any CPU
		{47D35B33-D6F1-45C9-840F-E107A579F375}.Release|Any CPU.ActiveCfg = Release|Any CPU
		{47D35B33-D6F1-45C9-840F-E107A579F375}.Release|Any CPU.Build.0 = Release|Any CPU
		{4CD3D0AA-0B1E-4FCC-9190-9B59DCA82735}.Debug|Any CPU.ActiveCfg = Debug|Any CPU
		{4CD3D0AA-0B1E-4FCC-9190-9B59DCA82735}.Debug|Any CPU.Build.0 = Debug|Any CPU
		{4CD3D0AA-0B1E-4FCC-9190-9B59DCA82735}.Release|Any CPU.ActiveCfg = Release|Any CPU
		{4CD3D0AA-0B1E-4FCC-9190-9B59DCA82735}.Release|Any CPU.Build.0 = Release|Any CPU
	EndGlobalSection
	GlobalSection(SolutionProperties) = preSolution
		HideSolutionNode = FALSE
	EndGlobalSection
	GlobalSection(ExtensibilityGlobals) = postSolution
		SolutionGuid = {4183B6AC-60AE-4358-A723-6DA241DF3A79}
	EndGlobalSection
EndGlobal
